// !$*UTF8*$!
{
	archiveVersion = 1;
	classes = {
	};
	objectVersion = 77;
	objects = {

/* Begin PBXBuildFile section */
		076A1F8B4B5FAF40D11BDFD5 /* PersistenceController.swift in Sources */ = {isa = PBXBuildFile; fileRef = 74490C8820EBF9BC632C84FD /* PersistenceController.swift */; };
		5064C04B8C96D4E65AA7D859 /* ContentView.swift in Sources */ = {isa = PBXBuildFile; fileRef = F49E7AA24285552E1C91AABC /* ContentView.swift */; };
		6461E1FDC9EF5C2B4EA895DC /* AppStore+Persistence.swift in Sources */ = {isa = PBXBuildFile; fileRef = A34F7CEE38559AAF67A7DFD5 /* AppStore+Persistence.swift */; };
		A528819584C0AC5F4FD5DD05 /* AppModels.swift in Sources */ = {isa = PBXBuildFile; fileRef = 4CE77883D44517291BC6B7CC /* AppModels.swift */; };
		A69BB5448AD6F58396E8C6E1 /* FitnessWatchAppApp.swift in Sources */ = {isa = PBXBuildFile; fileRef = 11829726BFC67741FB1A8FD7 /* FitnessWatchAppApp.swift */; };
		AB996834A7AC6C2447AD0D40 /* FitnessWatchAppExtension.appex in Embed Foundation Extensions */ = {isa = PBXBuildFile; fileRef = E37C4718ACA019898E655336 /* FitnessWatchAppExtension.appex */; settings = {ATTRIBUTES = (RemoveHeadersOnCopy, ); }; };
		C42D5F472AE6E9FAB3CEC310 /* HealthKitService.swift in Sources */ = {isa = PBXBuildFile; fileRef = 2E52F519C54DE92079416D4E /* HealthKitService.swift */; };
		CBE06C7C2E6FCA855B9BB7BF /* FitnessAppApp.swift in Sources */ = {isa = PBXBuildFile; fileRef = 43794B42389C7ECF1ABD655E /* FitnessAppApp.swift */; };
		ED20FCE0BCF6DFB1842A0A92 /* FitnessWatchApp.app in Embed Watch Content */ = {isa = PBXBuildFile; fileRef = 98D358166982E10DA22D7411 /* FitnessWatchApp.app */; settings = {ATTRIBUTES = (RemoveHeadersOnCopy, ); }; };
		EF38DAB34CEF26D050B27B1E /* AppModels.swift in Sources */ = {isa = PBXBuildFile; fileRef = 4CE77883D44517291BC6B7CC /* AppModels.swift */; };
/* End PBXBuildFile section */

/* Begin PBXContainerItemProxy section */
		48415DC71AB4AB1F71F02CE0 /* PBXContainerItemProxy */ = {
			isa = PBXContainerItemProxy;
			containerPortal = D68BB5C60B9AF34F69B4BC6E /* Project object */;
			proxyType = 1;
			remoteGlobalIDString = B9BCB6005CBEDD049F390D83;
			remoteInfo = FitnessWatchAppExtension;
		};
		9F41C1A1799DBA3B82F2F3DA /* PBXContainerItemProxy */ = {
			isa = PBXContainerItemProxy;
			containerPortal = D68BB5C60B9AF34F69B4BC6E /* Project object */;
			proxyType = 1;
			remoteGlobalIDString = 90F40A1C5D39E624F2EA44B1;
			remoteInfo = FitnessWatchApp;
		};
/* End PBXContainerItemProxy section */

/* Begin PBXCopyFilesBuildPhase section */
		2DE5D4AD6DE48DC497AFE718 /* Embed Foundation Extensions */ = {
			isa = PBXCopyFilesBuildPhase;
			buildActionMask = 2147483647;
			dstPath = "";
			dstSubfolderSpec = 13;
			files = (
				AB996834A7AC6C2447AD0D40 /* FitnessWatchAppExtension.appex in Embed Foundation Extensions */,
			);
			name = "Embed Foundation Extensions";
			runOnlyForDeploymentPostprocessing = 0;
		};
		EA55AF2ADA967A7A760F1C2F /* Embed Watch Content */ = {
			isa = PBXCopyFilesBuildPhase;
			buildActionMask = 2147483647;
			dstPath = "$(CONTENTS_FOLDER_PATH)/Watch";
			dstSubfolderSpec = 16;
			files = (
				ED20FCE0BCF6DFB1842A0A92 /* FitnessWatchApp.app in Embed Watch Content */,
			);
			name = "Embed Watch Content";
			runOnlyForDeploymentPostprocessing = 0;
		};
/* End PBXCopyFilesBuildPhase section */

/* Begin PBXFileReference section */
		0114621C271DB4344EA5C9D7 /* FitnessApp.entitlements */ = {isa = PBXFileReference; lastKnownFileType = text.plist.entitlements; path = FitnessApp.entitlements; sourceTree = "<group>"; };
		11829726BFC67741FB1A8FD7 /* FitnessWatchAppApp.swift */ = {isa = PBXFileReference; lastKnownFileType = sourcecode.swift; path = FitnessWatchAppApp.swift; sourceTree = "<group>"; };
		17E1E2C6490F31EE347BF51F /* FitnessApp.app */ = {isa = PBXFileReference; explicitFileType = wrapper.application; includeInIndex = 0; path = FitnessApp.app; sourceTree = BUILT_PRODUCTS_DIR; };
		2E52F519C54DE92079416D4E /* HealthKitService.swift */ = {isa = PBXFileReference; lastKnownFileType = sourcecode.swift; path = HealthKitService.swift; sourceTree = "<group>"; };
		43794B42389C7ECF1ABD655E /* FitnessAppApp.swift */ = {isa = PBXFileReference; lastKnownFileType = sourcecode.swift; path = FitnessAppApp.swift; sourceTree = "<group>"; };
		4CE77883D44517291BC6B7CC /* AppModels.swift */ = {isa = PBXFileReference; lastKnownFileType = sourcecode.swift; path = AppModels.swift; sourceTree = "<group>"; };
		74490C8820EBF9BC632C84FD /* PersistenceController.swift */ = {isa = PBXFileReference; lastKnownFileType = sourcecode.swift; path = PersistenceController.swift; sourceTree = "<group>"; };
		962D7FEDA5381654F37AB668 /* FitnessWatchAppExtension-Info.plist */ = {isa = PBXFileReference; lastKnownFileType = text.plist; path = "FitnessWatchAppExtension-Info.plist"; sourceTree = "<group>"; };
		98D358166982E10DA22D7411 /* FitnessWatchApp.app */ = {isa = PBXFileReference; explicitFileType = wrapper.application; includeInIndex = 0; path = FitnessWatchApp.app; sourceTree = BUILT_PRODUCTS_DIR; };
		A34F7CEE38559AAF67A7DFD5 /* AppStore+Persistence.swift */ = {isa = PBXFileReference; lastKnownFileType = sourcecode.swift; path = "AppStore+Persistence.swift"; sourceTree = "<group>"; };
		E37C4718ACA019898E655336 /* FitnessWatchAppExtension.appex */ = {isa = PBXFileReference; explicitFileType = "wrapper.app-extension"; includeInIndex = 0; path = FitnessWatchAppExtension.appex; sourceTree = BUILT_PRODUCTS_DIR; };
		F49E7AA24285552E1C91AABC /* ContentView.swift */ = {isa = PBXFileReference; lastKnownFileType = sourcecode.swift; path = ContentView.swift; sourceTree = "<group>"; };
/* End PBXFileReference section */

/* Begin PBXGroup section */
		1996DA2876CFBDBE9A62C53A /* Shared */ = {
			isa = PBXGroup;
			children = (
				559AD0EEC80489C9A76FCF32 /* Domain */,
			);
			path = Shared;
			sourceTree = "<group>";
		};
		559AD0EEC80489C9A76FCF32 /* Domain */ = {
			isa = PBXGroup;
			children = (
				4CE77883D44517291BC6B7CC /* AppModels.swift */,
			);
			path = Domain;
			sourceTree = "<group>";
		};
		7A0624A72FC1D3B78F736B44 /* FitnessApp */ = {
			isa = PBXGroup;
			children = (
				A34F7CEE38559AAF67A7DFD5 /* AppStore+Persistence.swift */,
				F49E7AA24285552E1C91AABC /* ContentView.swift */,
				0114621C271DB4344EA5C9D7 /* FitnessApp.entitlements */,
				43794B42389C7ECF1ABD655E /* FitnessAppApp.swift */,
				2E52F519C54DE92079416D4E /* HealthKitService.swift */,
				74490C8820EBF9BC632C84FD /* PersistenceController.swift */,
			);
			path = FitnessApp;
			sourceTree = "<group>";
		};
		8A293AF2E0EACCCF4067B419 /* FitnessWatchApp */ = {
			isa = PBXGroup;
			children = (
				11829726BFC67741FB1A8FD7 /* FitnessWatchAppApp.swift */,
				962D7FEDA5381654F37AB668 /* FitnessWatchAppExtension-Info.plist */,
			);
			path = FitnessWatchApp;
			sourceTree = "<group>";
		};
		8B244A6616A39F805DD9FD39 = {
			isa = PBXGroup;
			children = (
				7A0624A72FC1D3B78F736B44 /* FitnessApp */,
				8A293AF2E0EACCCF4067B419 /* FitnessWatchApp */,
				1996DA2876CFBDBE9A62C53A /* Shared */,
				DAAEF3F1BC29998174902CD8 /* Products */,
			);
			sourceTree = "<group>";
		};
		DAAEF3F1BC29998174902CD8 /* Products */ = {
			isa = PBXGroup;
			children = (
				17E1E2C6490F31EE347BF51F /* FitnessApp.app */,
				98D358166982E10DA22D7411 /* FitnessWatchApp.app */,
				E37C4718ACA019898E655336 /* FitnessWatchAppExtension.appex */,
			);
			name = Products;
			sourceTree = "<group>";
		};
/* End PBXGroup section */

/* Begin PBXNativeTarget section */
		90F40A1C5D39E624F2EA44B1 /* FitnessWatchApp */ = {
			isa = PBXNativeTarget;
			buildConfigurationList = 98B0645059E6A635DC45C63E /* Build configuration list for PBXNativeTarget "FitnessWatchApp" */;
			buildPhases = (
				2DE5D4AD6DE48DC497AFE718 /* Embed Foundation Extensions */,
			);
			buildRules = (
			);
			dependencies = (
				267160564FB2247FB4630112 /* PBXTargetDependency */,
			);
			name = FitnessWatchApp;
			packageProductDependencies = (
			);
			productName = FitnessWatchApp;
			productReference = 98D358166982E10DA22D7411 /* FitnessWatchApp.app */;
			productType = "com.apple.product-type.application.watchapp2";
		};
		B9BCB6005CBEDD049F390D83 /* FitnessWatchAppExtension */ = {
			isa = PBXNativeTarget;
			buildConfigurationList = 55C327070D51A1245CDB99B7 /* Build configuration list for PBXNativeTarget "FitnessWatchAppExtension" */;
			buildPhases = (
				2316B740AE5976AF612C718B /* Sources */,
			);
			buildRules = (
			);
			dependencies = (
			);
			name = FitnessWatchAppExtension;
			packageProductDependencies = (
			);
			productName = FitnessWatchAppExtension;
			productReference = E37C4718ACA019898E655336 /* FitnessWatchAppExtension.appex */;
			productType = "com.apple.product-type.watchkit2-extension";
		};
		FE69BCF7CC847DB50ABAF203 /* FitnessApp */ = {
			isa = PBXNativeTarget;
			buildConfigurationList = A6C0FB58A13985AC78DD940F /* Build configuration list for PBXNativeTarget "FitnessApp" */;
			buildPhases = (
				D12520A21395F1CB239C40C5 /* Sources */,
				EA55AF2ADA967A7A760F1C2F /* Embed Watch Content */,
			);
			buildRules = (
			);
			dependencies = (
				9321180D7DAF81AC6A232C83 /* PBXTargetDependency */,
			);
			name = FitnessApp;
			packageProductDependencies = (
			);
			productName = FitnessApp;
			productReference = 17E1E2C6490F31EE347BF51F /* FitnessApp.app */;
			productType = "com.apple.product-type.application";
		};
/* End PBXNativeTarget section */

/* Begin PBXProject section */
		D68BB5C60B9AF34F69B4BC6E /* Project object */ = {
			isa = PBXProject;
			attributes = {
				BuildIndependentTargetsInParallel = YES;
				LastUpgradeCheck = 1430;
			};
			buildConfigurationList = 171263C53BFCBB0EFEB62ED1 /* Build configuration list for PBXProject "FitnessApp" */;
			developmentRegion = en;
			hasScannedForEncodings = 0;
			knownRegions = (
				Base,
				en,
			);
			mainGroup = 8B244A6616A39F805DD9FD39;
			minimizedProjectReferenceProxies = 1;
			preferredProjectObjectVersion = 77;
			productRefGroup = DAAEF3F1BC29998174902CD8 /* Products */;
			projectDirPath = "";
			projectRoot = "";
			targets = (
				FE69BCF7CC847DB50ABAF203 /* FitnessApp */,
				90F40A1C5D39E624F2EA44B1 /* FitnessWatchApp */,
				B9BCB6005CBEDD049F390D83 /* FitnessWatchAppExtension */,
			);
		};
/* End PBXProject section */

/* Begin PBXSourcesBuildPhase section */
		2316B740AE5976AF612C718B /* Sources */ = {
			isa = PBXSourcesBuildPhase;
			buildActionMask = 2147483647;
			files = (
				A528819584C0AC5F4FD5DD05 /* AppModels.swift in Sources */,
				A69BB5448AD6F58396E8C6E1 /* FitnessWatchAppApp.swift in Sources */,
			);
			runOnlyForDeploymentPostprocessing = 0;
		};
		D12520A21395F1CB239C40C5 /* Sources */ = {
			isa = PBXSourcesBuildPhase;
			buildActionMask = 2147483647;
			files = (
				EF38DAB34CEF26D050B27B1E /* AppModels.swift in Sources */,
				6461E1FDC9EF5C2B4EA895DC /* AppStore+Persistence.swift in Sources */,
				5064C04B8C96D4E65AA7D859 /* ContentView.swift in Sources */,
				CBE06C7C2E6FCA855B9BB7BF /* FitnessAppApp.swift in Sources */,
				C42D5F472AE6E9FAB3CEC310 /* HealthKitService.swift in Sources */,
				076A1F8B4B5FAF40D11BDFD5 /* PersistenceController.swift in Sources */,
			);
			runOnlyForDeploymentPostprocessing = 0;
		};
/* End PBXSourcesBuildPhase section */

/* Begin PBXTargetDependency section */
		267160564FB2247FB4630112 /* PBXTargetDependency */ = {
			isa = PBXTargetDependency;
			target = B9BCB6005CBEDD049F390D83 /* FitnessWatchAppExtension */;
			targetProxy = 48415DC71AB4AB1F71F02CE0 /* PBXContainerItemProxy */;
		};
		9321180D7DAF81AC6A232C83 /* PBXTargetDependency */ = {
			isa = PBXTargetDependency;
			target = 90F40A1C5D39E624F2EA44B1 /* FitnessWatchApp */;
			targetProxy = 9F41C1A1799DBA3B82F2F3DA /* PBXContainerItemProxy */;
		};
/* End PBXTargetDependency section */

/* Begin XCBuildConfiguration section */
		030B9FFD446B7C9E5FEC2AB7 /* Release */ = {
			isa = XCBuildConfiguration;
			buildSettings = {
				ASSETCATALOG_COMPILER_APPICON_NAME = AppIcon;
				CODE_SIGN_ENTITLEMENTS = FitnessApp/FitnessApp.entitlements;
				CODE_SIGN_IDENTITY = "iPhone Developer";
				DEVELOPMENT_TEAM = MPZPWEMR37;
				INFOPLIST_KEY_CFBundleDisplayName = Fitness;
				INFOPLIST_KEY_NSHealthShareUsageDescription = "Fitness uses your Apple Health workout history to detect recurring activities and improve planning.";
				INFOPLIST_KEY_NSHealthUpdateUsageDescription = "Fitness writes completed strength workouts to Apple Health to keep your workout history complete.";
				INFOPLIST_KEY_UIApplicationSceneManifest_Generation = YES;
				INFOPLIST_KEY_UILaunchScreen_Generation = YES;
				INFOPLIST_KEY_UISupportedInterfaceOrientations_iPhone = UIInterfaceOrientationPortrait;
				IPHONEOS_DEPLOYMENT_TARGET = 17.0;
				LD_RUNPATH_SEARCH_PATHS = (
					"$(inherited)",
					"@executable_path/Frameworks",
				);
				PRODUCT_BUNDLE_IDENTIFIER = com.mnew.FitnessApp.healthreset;
				PRODUCT_NAME = FitnessApp;
				SDKROOT = iphoneos;
				TARGETED_DEVICE_FAMILY = 1;
			};
			name = Release;
		};
		19FB2C7224F1E15AD1AD50A5 /* Debug */ = {
			isa = XCBuildConfiguration;
			buildSettings = {
				ASSETCATALOG_COMPILER_APPICON_NAME = AppIcon;
				CODE_SIGN_ENTITLEMENTS = FitnessApp/FitnessApp.entitlements;
				CODE_SIGN_IDENTITY = "iPhone Developer";
				DEVELOPMENT_TEAM = MPZPWEMR37;
				INFOPLIST_KEY_CFBundleDisplayName = Fitness;
				INFOPLIST_KEY_NSHealthShareUsageDescription = "Fitness uses your Apple Health workout history to detect recurring activities and improve planning.";
				INFOPLIST_KEY_NSHealthUpdateUsageDescription = "Fitness writes completed strength workouts to Apple Health to keep your workout history complete.";
				INFOPLIST_KEY_UIApplicationSceneManifest_Generation = YES;
				INFOPLIST_KEY_UILaunchScreen_Generation = YES;
				INFOPLIST_KEY_UISupportedInterfaceOrientations_iPhone = UIInterfaceOrientationPortrait;
				IPHONEOS_DEPLOYMENT_TARGET = 17.0;
				LD_RUNPATH_SEARCH_PATHS = (
					"$(inherited)",
					"@executable_path/Frameworks",
				);
				PRODUCT_BUNDLE_IDENTIFIER = com.mnew.FitnessApp.healthreset;
				PRODUCT_NAME = FitnessApp;
				SDKROOT = iphoneos;
				TARGETED_DEVICE_FAMILY = 1;
			};
			name = Debug;
		};
		4E47923EFD9028B1D251DE30 /* Debug */ = {
			isa = XCBuildConfiguration;
			buildSettings = {
				ALWAYS_SEARCH_USER_PATHS = NO;
				CLANG_ANALYZER_NONNULL = YES;
				CLANG_ANALYZER_NUMBER_OBJECT_CONVERSION = YES_AGGRESSIVE;
				CLANG_CXX_LANGUAGE_STANDARD = "gnu++14";
				CLANG_CXX_LIBRARY = "libc++";
				CLANG_ENABLE_MODULES = YES;
				CLANG_ENABLE_OBJC_ARC = YES;
				CLANG_ENABLE_OBJC_WEAK = YES;
				CLANG_WARN_BLOCK_CAPTURE_AUTORELEASING = YES;
				CLANG_WARN_BOOL_CONVERSION = YES;
				CLANG_WARN_COMMA = YES;
				CLANG_WARN_CONSTANT_CONVERSION = YES;
				CLANG_WARN_DEPRECATED_OBJC_IMPLEMENTATIONS = YES;
				CLANG_WARN_DIRECT_OBJC_ISA_USAGE = YES_ERROR;
				CLANG_WARN_DOCUMENTATION_COMMENTS = YES;
				CLANG_WARN_EMPTY_BODY = YES;
				CLANG_WARN_ENUM_CONVERSION = YES;
				CLANG_WARN_INFINITE_RECURSION = YES;
				CLANG_WARN_INT_CONVERSION = YES;
				CLANG_WARN_NON_LITERAL_NULL_CONVERSION = YES;
				CLANG_WARN_OBJC_IMPLICIT_RETAIN_SELF = YES;
				CLANG_WARN_OBJC_LITERAL_CONVERSION = YES;
				CLANG_WARN_OBJC_ROOT_CLASS = YES_ERROR;
				CLANG_WARN_QUOTED_INCLUDE_IN_FRAMEWORK_HEADER = YES;
				CLANG_WARN_RANGE_LOOP_ANALYSIS = YES;
				CLANG_WARN_STRICT_PROTOTYPES = YES;
				CLANG_WARN_SUSPICIOUS_MOVE = YES;
				CLANG_WARN_UNGUARDED_AVAILABILITY = YES_AGGRESSIVE;
				CLANG_WARN_UNREACHABLE_CODE = YES;
				CLANG_WARN__DUPLICATE_METHOD_MATCH = YES;
				COPY_PHASE_STRIP = NO;
				CURRENT_PROJECT_VERSION = 1;
				DEBUG_INFORMATION_FORMAT = dwarf;
				ENABLE_STRICT_OBJC_MSGSEND = YES;
				ENABLE_TESTABILITY = YES;
				GCC_C_LANGUAGE_STANDARD = gnu11;
				GCC_DYNAMIC_NO_PIC = NO;
				GCC_NO_COMMON_BLOCKS = YES;
				GCC_OPTIMIZATION_LEVEL = 0;
				GCC_PREPROCESSOR_DEFINITIONS = (
					"$(inherited)",
					"DEBUG=1",
				);
				GCC_WARN_64_TO_32_BIT_CONVERSION = YES;
				GCC_WARN_ABOUT_RETURN_TYPE = YES_ERROR;
				GCC_WARN_UNDECLARED_SELECTOR = YES;
				GCC_WARN_UNINITIALIZED_AUTOS = YES_AGGRESSIVE;
				GCC_WARN_UNUSED_FUNCTION = YES;
				GCC_WARN_UNUSED_VARIABLE = YES;
				GENERATE_INFOPLIST_FILE = YES;
				MARKETING_VERSION = 1.0;
				MTL_ENABLE_DEBUG_INFO = INCLUDE_SOURCE;
				MTL_FAST_MATH = YES;
				ONLY_ACTIVE_ARCH = YES;
				PRODUCT_NAME = "$(TARGET_NAME)";
				SWIFT_ACTIVE_COMPILATION_CONDITIONS = DEBUG;
				SWIFT_OPTIMIZATION_LEVEL = "-Onone";
				SWIFT_VERSION = 6.0;
			};
			name = Debug;
		};
		6FDF0598E0CE4454DB440876 /* Release */ = {
			isa = XCBuildConfiguration;
			buildSettings = {
				ASSETCATALOG_COMPILER_COMPLICATION_NAME = Complication;
				DEVELOPMENT_TEAM = MPZPWEMR37;
				GENERATE_INFOPLIST_FILE = NO;
				INFOPLIST_FILE = "FitnessWatchApp/FitnessWatchAppExtension-Info.plist";
				LD_RUNPATH_SEARCH_PATHS = (
					"$(inherited)",
					"@executable_path/Frameworks",
					"@executable_path/../../Frameworks",
				);
				PRODUCT_BUNDLE_IDENTIFIER = com.mnew.FitnessApp.healthreset.watchkitapp.watchkitextension;
				PRODUCT_NAME = FitnessWatchAppExtension;
				SDKROOT = watchos;
				SKIP_INSTALL = YES;
				TARGETED_DEVICE_FAMILY = 4;
				WATCHOS_DEPLOYMENT_TARGET = 10.0;
			};
			name = Release;
		};
		8003276797623E1445705A93 /* Debug */ = {
			isa = XCBuildConfiguration;
			buildSettings = {
				DEVELOPMENT_TEAM = MPZPWEMR37;
				INFOPLIST_KEY_CFBundleDisplayName = Fitness;
				INFOPLIST_KEY_WKCompanionAppBundleIdentifier = com.mnew.FitnessApp.healthreset;
				ONLY_ACTIVE_ARCH = NO;
				PRODUCT_BUNDLE_IDENTIFIER = com.mnew.FitnessApp.healthreset.watchkitapp;
				PRODUCT_NAME = FitnessWatchApp;
				SDKROOT = watchos;
				SKIP_INSTALL = YES;
				TARGETED_DEVICE_FAMILY = 4;
				WATCHOS_DEPLOYMENT_TARGET = 10.0;
			};
			name = Debug;
		};
		B5FA9D84BFFAB007C0EDA294 /* Debug */ = {
			isa = XCBuildConfiguration;
			buildSettings = {
				ASSETCATALOG_COMPILER_COMPLICATION_NAME = Complication;
				DEVELOPMENT_TEAM = MPZPWEMR37;
				GENERATE_INFOPLIST_FILE = NO;
				INFOPLIST_FILE = "FitnessWatchApp/FitnessWatchAppExtension-Info.plist";
				LD_RUNPATH_SEARCH_PATHS = (
					"$(inherited)",
					"@executable_path/Frameworks",
					"@executable_path/../../Frameworks",
				);
				PRODUCT_BUNDLE_IDENTIFIER = com.mnew.FitnessApp.healthreset.watchkitapp.watchkitextension;
				PRODUCT_NAME = FitnessWatchAppExtension;
				SDKROOT = watchos;
				SKIP_INSTALL = YES;
				TARGETED_DEVICE_FAMILY = 4;
				WATCHOS_DEPLOYMENT_TARGET = 10.0;
			};
			name = Debug;
		};
		BE0272DFAFE4D49829F8283E /* Release */ = {
			isa = XCBuildConfiguration;
			buildSettings = {
				DEVELOPMENT_TEAM = MPZPWEMR37;
				INFOPLIST_KEY_CFBundleDisplayName = Fitness;
				INFOPLIST_KEY_WKCompanionAppBundleIdentifier = com.mnew.FitnessApp.healthreset;
				ONLY_ACTIVE_ARCH = NO;
				PRODUCT_BUNDLE_IDENTIFIER = com.mnew.FitnessApp.healthreset.watchkitapp;
				PRODUCT_NAME = FitnessWatchApp;
				SDKROOT = watchos;
				SKIP_INSTALL = YES;
				TARGETED_DEVICE_FAMILY = 4;
				WATCHOS_DEPLOYMENT_TARGET = 10.0;
			};
			name = Release;
		};
		E1B24E2A2C8644023BA967E7 /* Release */ = {
			isa = XCBuildConfiguration;
			buildSettings = {
				ALWAYS_SEARCH_USER_PATHS = NO;
				CLANG_ANALYZER_NONNULL = YES;
				CLANG_ANALYZER_NUMBER_OBJECT_CONVERSION = YES_AGGRESSIVE;
				CLANG_CXX_LANGUAGE_STANDARD = "gnu++14";
				CLANG_CXX_LIBRARY = "libc++";
				CLANG_ENABLE_MODULES = YES;
				CLANG_ENABLE_OBJC_ARC = YES;
				CLANG_ENABLE_OBJC_WEAK = YES;
				CLANG_WARN_BLOCK_CAPTURE_AUTORELEASING = YES;
				CLANG_WARN_BOOL_CONVERSION = YES;
				CLANG_WARN_COMMA = YES;
				CLANG_WARN_CONSTANT_CONVERSION = YES;
				CLANG_WARN_DEPRECATED_OBJC_IMPLEMENTATIONS = YES;
				CLANG_WARN_DIRECT_OBJC_ISA_USAGE = YES_ERROR;
				CLANG_WARN_DOCUMENTATION_COMMENTS = YES;
				CLANG_WARN_EMPTY_BODY = YES;
				CLANG_WARN_ENUM_CONVERSION = YES;
				CLANG_WARN_INFINITE_RECURSION = YES;
				CLANG_WARN_INT_CONVERSION = YES;
				CLANG_WARN_NON_LITERAL_NULL_CONVERSION = YES;
				CLANG_WARN_OBJC_IMPLICIT_RETAIN_SELF = YES;
				CLANG_WARN_OBJC_LITERAL_CONVERSION = YES;
				CLANG_WARN_OBJC_ROOT_CLASS = YES_ERROR;
				CLANG_WARN_QUOTED_INCLUDE_IN_FRAMEWORK_HEADER = YES;
				CLANG_WARN_RANGE_LOOP_ANALYSIS = YES;
				CLANG_WARN_STRICT_PROTOTYPES = YES;
				CLANG_WARN_SUSPICIOUS_MOVE = YES;
				CLANG_WARN_UNGUARDED_AVAILABILITY = YES_AGGRESSIVE;
				CLANG_WARN_UNREACHABLE_CODE = YES;
				CLANG_WARN__DUPLICATE_METHOD_MATCH = YES;
				COPY_PHASE_STRIP = NO;
				CURRENT_PROJECT_VERSION = 1;
				DEBUG_INFORMATION_FORMAT = "dwarf-with-dsym";
				ENABLE_NS_ASSERTIONS = NO;
				ENABLE_STRICT_OBJC_MSGSEND = YES;
				GCC_C_LANGUAGE_STANDARD = gnu11;
				GCC_NO_COMMON_BLOCKS = YES;
				GCC_WARN_64_TO_32_BIT_CONVERSION = YES;
				GCC_WARN_ABOUT_RETURN_TYPE = YES_ERROR;
				GCC_WARN_UNDECLARED_SELECTOR = YES;
				GCC_WARN_UNINITIALIZED_AUTOS = YES_AGGRESSIVE;
				GCC_WARN_UNUSED_FUNCTION = YES;
				GCC_WARN_UNUSED_VARIABLE = YES;
				GENERATE_INFOPLIST_FILE = YES;
				MARKETING_VERSION = 1.0;
				MTL_ENABLE_DEBUG_INFO = NO;
				MTL_FAST_MATH = YES;
				PRODUCT_NAME = "$(TARGET_NAME)";
				SWIFT_COMPILATION_MODE = wholemodule;
				SWIFT_OPTIMIZATION_LEVEL = "-O";
				SWIFT_VERSION = 6.0;
			};
			name = Release;
		};
/* End XCBuildConfiguration section */

/* Begin XCConfigurationList section */
		171263C53BFCBB0EFEB62ED1 /* Build configuration list for PBXProject "FitnessApp" */ = {
			isa = XCConfigurationList;
			buildConfigurations = (
				4E47923EFD9028B1D251DE30 /* Debug */,
				E1B24E2A2C8644023BA967E7 /* Release */,
			);
			defaultConfigurationIsVisible = 0;
			defaultConfigurationName = Debug;
		};
		55C327070D51A1245CDB99B7 /* Build configuration list for PBXNativeTarget "FitnessWatchAppExtension" */ = {
			isa = XCConfigurationList;
			buildConfigurations = (
				B5FA9D84BFFAB007C0EDA294 /* Debug */,
				6FDF0598E0CE4454DB440876 /* Release */,
			);
			defaultConfigurationIsVisible = 0;
			defaultConfigurationName = Debug;
		};
		98B0645059E6A635DC45C63E /* Build configuration list for PBXNativeTarget "FitnessWatchApp" */ = {
			isa = XCConfigurationList;
			buildConfigurations = (
				8003276797623E1445705A93 /* Debug */,
				BE0272DFAFE4D49829F8283E /* Release */,
			);
			defaultConfigurationIsVisible = 0;
			defaultConfigurationName = Debug;
		};
		A6C0FB58A13985AC78DD940F /* Build configuration list for PBXNativeTarget "FitnessApp" */ = {
			isa = XCConfigurationList;
			buildConfigurations = (
				19FB2C7224F1E15AD1AD50A5 /* Debug */,
				030B9FFD446B7C9E5FEC2AB7 /* Release */,
			);
			defaultConfigurationIsVisible = 0;
			defaultConfigurationName = Debug;
		};
/* End XCConfigurationList section */
	};
	rootObject = D68BB5C60B9AF34F69B4BC6E /* Project object */;
}
